
Microsoft Visual Studio Solution File, Format Version 12.00
# Visual Studio Version 17
VisualStudioVersion = 17.3.32825.248
MinimumVisualStudioVersion = 10.0.40219.1
Project("{FAE04EC0-301F-11D3-BF4B-00C04F79EFBC}") = "Domino", "Domino.csproj", "{66C4E580-ADF5-4E04-9C24-F1F03EB5DF57}"
EndProject
Global
	GlobalSection(SolutionConfigurationPlatforms) = preSolution
		Debug|Any CPU = Debug|Any CPU
		Release|Any CPU = Release|Any CPU
	EndGlobalSection
	GlobalSection(ProjectConfigurationPlatforms) = postSolution
		{66C4E580-ADF5-4E04-9C24-F1F03EB5DF57}.Debug|Any CPU.ActiveCfg = Debug|Any CPU
		{66C4E580-ADF5-4E04-9C24-F1F03EB5DF57}.Debug|Any CPU.Build.0 = Debug|Any CPU
		{66C4E580-ADF5-4E04-9C24-F1F03EB5DF57}.Release|Any CPU.ActiveCfg = Release|Any CPU
		{66C4E580-ADF5-4E04-9C24-F1F03EB5DF57}.Release|Any CPU.Build.0 = Release|Any CPU
	EndGlobalSection
	GlobalSection(SolutionProperties) = preSolution
		HideSolutionNode = FALSE
	EndGlobalSection
	GlobalSection(ExtensibilityGlobals) = postSolution
		SolutionGuid = {B92C485A-A363-456C-8CCD-CD25FEC00571}
	EndGlobalSection
EndGlobal
